// !$*UTF8*$!
{
	archiveVersion = 1;
	classes = {
	};
	objectVersion = 55;
	objects = {

/* Begin PBXBuildFile section */
		04B74F732789D95D009419AE /* LoginView.swift in Sources */ = {isa = PBXBuildFile; fileRef = 04B74F722789D95D009419AE /* LoginView.swift */; };
		04B74F7A2789D9B9009419AE /* TabBarFeature.swift in Sources */ = {isa = PBXBuildFile; fileRef = 04B74F792789D9B9009419AE /* TabBarFeature.swift */; };
		04B74F7C2789D9D7009419AE /* RootView.swift in Sources */ = {isa = PBXBuildFile; fileRef = 04B74F7B2789D9D7009419AE /* RootView.swift */; };
		04B74F7E2789DBE1009419AE /* LoginFeature.swift in Sources */ = {isa = PBXBuildFile; fileRef = 04B74F7D2789DBE1009419AE /* LoginFeature.swift */; };
		04CE6AAB2789A66000D5D651 /* Modular_TCAApp.swift in Sources */ = {isa = PBXBuildFile; fileRef = 04CE6AAA2789A66000D5D651 /* Modular_TCAApp.swift */; };
		04CE6AAD2789A66000D5D651 /* TabBarView.swift in Sources */ = {isa = PBXBuildFile; fileRef = 04CE6AAC2789A66000D5D651 /* TabBarView.swift */; };
		04CE6AAF2789A66100D5D651 /* Assets.xcassets in Resources */ = {isa = PBXBuildFile; fileRef = 04CE6AAE2789A66100D5D651 /* Assets.xcassets */; };
		04CE6AB22789A66100D5D651 /* Preview Assets.xcassets in Resources */ = {isa = PBXBuildFile; fileRef = 04CE6AB12789A66100D5D651 /* Preview Assets.xcassets */; };
		04CE6ABC2789A66100D5D651 /* Modular_TCATests.swift in Sources */ = {isa = PBXBuildFile; fileRef = 04CE6ABB2789A66100D5D651 /* Modular_TCATests.swift */; };
		04CE6AC62789A66100D5D651 /* Modular_TCAUITests.swift in Sources */ = {isa = PBXBuildFile; fileRef = 04CE6AC52789A66100D5D651 /* Modular_TCAUITests.swift */; };
		04CE6AC82789A66100D5D651 /* Modular_TCAUITestsLaunchTests.swift in Sources */ = {isa = PBXBuildFile; fileRef = 04CE6AC72789A66100D5D651 /* Modular_TCAUITestsLaunchTests.swift */; };
		04CE6AD92789ADFD00D5D651 /* RootFeature.swift in Sources */ = {isa = PBXBuildFile; fileRef = 04CE6AD82789ADFD00D5D651 /* RootFeature.swift */; };
		04EEAB9E278DB669008EDBEA /* A1 in Frameworks */ = {isa = PBXBuildFile; productRef = 04EEAB9D278DB669008EDBEA /* A1 */; };
		04EEABA0278DB669008EDBEA /* B1 in Frameworks */ = {isa = PBXBuildFile; productRef = 04EEAB9F278DB669008EDBEA /* B1 */; };
/* End PBXBuildFile section */

/* Begin PBXContainerItemProxy section */
		04CE6AB82789A66100D5D651 /* PBXContainerItemProxy */ = {
			isa = PBXContainerItemProxy;
			containerPortal = 04CE6A9F2789A66000D5D651 /* Project object */;
			proxyType = 1;
			remoteGlobalIDString = 04CE6AA62789A66000D5D651;
			remoteInfo = "Modular-TCA";
		};
		04CE6AC22789A66100D5D651 /* PBXContainerItemProxy */ = {
			isa = PBXContainerItemProxy;
			containerPortal = 04CE6A9F2789A66000D5D651 /* Project object */;
			proxyType = 1;
			remoteGlobalIDString = 04CE6AA62789A66000D5D651;
			remoteInfo = "Modular-TCA";
		};
/* End PBXContainerItemProxy section */

/* Begin PBXCopyFilesBuildPhase section */
		044C8503278C821E004F8CB3 /* Embed Frameworks */ = {
			isa = PBXCopyFilesBuildPhase;
			buildActionMask = 2147483647;
			dstPath = "";
			dstSubfolderSpec = 10;
			files = (
			);
			name = "Embed Frameworks";
			runOnlyForDeploymentPostprocessing = 0;
		};
/* End PBXCopyFilesBuildPhase section */

/* Begin PBXFileReference section */
		044C8504278C8226004F8CB3 /* B1 */ = {isa = PBXFileReference; lastKnownFileType = wrapper; name = B1; path = ../B1; sourceTree = "<group>"; };
		04B74F722789D95D009419AE /* LoginView.swift */ = {isa = PBXFileReference; lastKnownFileType = sourcecode.swift; path = LoginView.swift; sourceTree = "<group>"; };
		04B74F792789D9B9009419AE /* TabBarFeature.swift */ = {isa = PBXFileReference; lastKnownFileType = sourcecode.swift; path = TabBarFeature.swift; sourceTree = "<group>"; };
		04B74F7B2789D9D7009419AE /* RootView.swift */ = {isa = PBXFileReference; lastKnownFileType = sourcecode.swift; path = RootView.swift; sourceTree = "<group>"; };
		04B74F7D2789DBE1009419AE /* LoginFeature.swift */ = {isa = PBXFileReference; lastKnownFileType = sourcecode.swift; path = LoginFeature.swift; sourceTree = "<group>"; };
		04CE6AA72789A66000D5D651 /* Modular-TCA.app */ = {isa = PBXFileReference; explicitFileType = wrapper.application; includeInIndex = 0; path = "Modular-TCA.app"; sourceTree = BUILT_PRODUCTS_DIR; };
		04CE6AAA2789A66000D5D651 /* Modular_TCAApp.swift */ = {isa = PBXFileReference; lastKnownFileType = sourcecode.swift; path = Modular_TCAApp.swift; sourceTree = "<group>"; };
		04CE6AAC2789A66000D5D651 /* TabBarView.swift */ = {isa = PBXFileReference; lastKnownFileType = sourcecode.swift; path = TabBarView.swift; sourceTree = "<group>"; };
		04CE6AAE2789A66100D5D651 /* Assets.xcassets */ = {isa = PBXFileReference; lastKnownFileType = folder.assetcatalog; path = Assets.xcassets; sourceTree = "<group>"; };
		04CE6AB12789A66100D5D651 /* Preview Assets.xcassets */ = {isa = PBXFileReference; lastKnownFileType = folder.assetcatalog; path = "Preview Assets.xcassets"; sourceTree = "<group>"; };
		04CE6AB72789A66100D5D651 /* Modular-TCATests.xctest */ = {isa = PBXFileReference; explicitFileType = wrapper.cfbundle; includeInIndex = 0; path = "Modular-TCATests.xctest"; sourceTree = BUILT_PRODUCTS_DIR; };
		04CE6ABB2789A66100D5D651 /* Modular_TCATests.swift */ = {isa = PBXFileReference; lastKnownFileType = sourcecode.swift; path = Modular_TCATests.swift; sourceTree = "<group>"; };
		04CE6AC12789A66100D5D651 /* Modular-TCAUITests.xctest */ = {isa = PBXFileReference; explicitFileType = wrapper.cfbundle; includeInIndex = 0; path = "Modular-TCAUITests.xctest"; sourceTree = BUILT_PRODUCTS_DIR; };
		04CE6AC52789A66100D5D651 /* Modular_TCAUITests.swift */ = {isa = PBXFileReference; lastKnownFileType = sourcecode.swift; path = Modular_TCAUITests.swift; sourceTree = "<group>"; };
		04CE6AC72789A66100D5D651 /* Modular_TCAUITestsLaunchTests.swift */ = {isa = PBXFileReference; lastKnownFileType = sourcecode.swift; path = Modular_TCAUITestsLaunchTests.swift; sourceTree = "<group>"; };
		04CE6AD82789ADFD00D5D651 /* RootFeature.swift */ = {isa = PBXFileReference; lastKnownFileType = sourcecode.swift; path = RootFeature.swift; sourceTree = "<group>"; };
		04CE6ADD2789B36100D5D651 /* A1 */ = {isa = PBXFileReference; lastKnownFileType = wrapper; name = A1; path = ../A1; sourceTree = "<group>"; };
		04CE6AE42789CE6100D5D651 /* Info.plist */ = {isa = PBXFileReference; lastKnownFileType = text.plist; path = Info.plist; sourceTree = "<group>"; };
/* End PBXFileReference section */

/* Begin PBXFrameworksBuildPhase section */
		04CE6AA42789A66000D5D651 /* Frameworks */ = {
			isa = PBXFrameworksBuildPhase;
			buildActionMask = 2147483647;
			files = (
				04EEAB9E278DB669008EDBEA /* A1 in Frameworks */,
				04EEABA0278DB669008EDBEA /* B1 in Frameworks */,
			);
			runOnlyForDeploymentPostprocessing = 0;
		};
		04CE6AB42789A66100D5D651 /* Frameworks */ = {
			isa = PBXFrameworksBuildPhase;
			buildActionMask = 2147483647;
			files = (
			);
			runOnlyForDeploymentPostprocessing = 0;
		};
		04CE6ABE2789A66100D5D651 /* Frameworks */ = {
			isa = PBXFrameworksBuildPhase;
			buildActionMask = 2147483647;
			files = (
			);
			runOnlyForDeploymentPostprocessing = 0;
		};
/* End PBXFrameworksBuildPhase section */

/* Begin PBXGroup section */
		04B74F742789D966009419AE /* Sources */ = {
			isa = PBXGroup;
			children = (
				04CE6AAA2789A66000D5D651 /* Modular_TCAApp.swift */,
				04B74F772789D986009419AE /* Root */,
				04B74F762789D982009419AE /* Login */,
				04B74F752789D975009419AE /* TabBar */,
			);
			path = Sources;
			sourceTree = "<group>";
		};
		04B74F752789D975009419AE /* TabBar */ = {
			isa = PBXGroup;
			children = (
				04CE6AAC2789A66000D5D651 /* TabBarView.swift */,
				04B74F792789D9B9009419AE /* TabBarFeature.swift */,
			);
			path = TabBar;
			sourceTree = "<group>";
		};
		04B74F762789D982009419AE /* Login */ = {
			isa = PBXGroup;
			children = (
				04B74F722789D95D009419AE /* LoginView.swift */,
				04B74F7D2789DBE1009419AE /* LoginFeature.swift */,
			);
			path = Login;
			sourceTree = "<group>";
		};
		04B74F772789D986009419AE /* Root */ = {
			isa = PBXGroup;
			children = (
				04B74F7B2789D9D7009419AE /* RootView.swift */,
				04CE6AD82789ADFD00D5D651 /* RootFeature.swift */,
			);
			path = Root;
			sourceTree = "<group>";
		};
		04CE6A9E2789A66000D5D651 = {
			isa = PBXGroup;
			children = (
				044C8504278C8226004F8CB3 /* B1 */,
				04CE6ADD2789B36100D5D651 /* A1 */,
				04CE6AA92789A66000D5D651 /* Modular-TCA */,
				04CE6ABA2789A66100D5D651 /* Modular-TCATests */,
				04CE6AC42789A66100D5D651 /* Modular-TCAUITests */,
				04CE6AA82789A66000D5D651 /* Products */,
				04CE6AD52789A9CE00D5D651 /* Frameworks */,
			);
			sourceTree = "<group>";
		};
		04CE6AA82789A66000D5D651 /* Products */ = {
			isa = PBXGroup;
			children = (
				04CE6AA72789A66000D5D651 /* Modular-TCA.app */,
				04CE6AB72789A66100D5D651 /* Modular-TCATests.xctest */,
				04CE6AC12789A66100D5D651 /* Modular-TCAUITests.xctest */,
			);
			name = Products;
			sourceTree = "<group>";
		};
		04CE6AA92789A66000D5D651 /* Modular-TCA */ = {
			isa = PBXGroup;
			children = (
				04B74F742789D966009419AE /* Sources */,
				04CE6AE42789CE6100D5D651 /* Info.plist */,
				04CE6AAE2789A66100D5D651 /* Assets.xcassets */,
				04CE6AB02789A66100D5D651 /* Preview Content */,
			);
			path = "Modular-TCA";
			sourceTree = "<group>";
		};
		04CE6AB02789A66100D5D651 /* Preview Content */ = {
			isa = PBXGroup;
			children = (
				04CE6AB12789A66100D5D651 /* Preview Assets.xcassets */,
			);
			path = "Preview Content";
			sourceTree = "<group>";
		};
		04CE6ABA2789A66100D5D651 /* Modular-TCATests */ = {
			isa = PBXGroup;
			children = (
				04CE6ABB2789A66100D5D651 /* Modular_TCATests.swift */,
			);
			path = "Modular-TCATests";
			sourceTree = "<group>";
		};
		04CE6AC42789A66100D5D651 /* Modular-TCAUITests */ = {
			isa = PBXGroup;
			children = (
				04CE6AC52789A66100D5D651 /* Modular_TCAUITests.swift */,
				04CE6AC72789A66100D5D651 /* Modular_TCAUITestsLaunchTests.swift */,
			);
			path = "Modular-TCAUITests";
			sourceTree = "<group>";
		};
		04CE6AD52789A9CE00D5D651 /* Frameworks */ = {
			isa = PBXGroup;
			children = (
			);
			name = Frameworks;
			sourceTree = "<group>";
		};
/* End PBXGroup section */

/* Begin PBXNativeTarget section */
		04CE6AA62789A66000D5D651 /* Modular-TCA */ = {
			isa = PBXNativeTarget;
			buildConfigurationList = 04CE6ACB2789A66100D5D651 /* Build configuration list for PBXNativeTarget "Modular-TCA" */;
			buildPhases = (
				04CE6AA32789A66000D5D651 /* Sources */,
				04CE6AA42789A66000D5D651 /* Frameworks */,
				04CE6AA52789A66000D5D651 /* Resources */,
				044C8503278C821E004F8CB3 /* Embed Frameworks */,
			);
			buildRules = (
			);
			dependencies = (
			);
			name = "Modular-TCA";
			packageProductDependencies = (
				04EEAB9D278DB669008EDBEA /* A1 */,
				04EEAB9F278DB669008EDBEA /* B1 */,
			);
			productName = "Modular-TCA";
			productReference = 04CE6AA72789A66000D5D651 /* Modular-TCA.app */;
			productType = "com.apple.product-type.application";
		};
		04CE6AB62789A66100D5D651 /* Modular-TCATests */ = {
			isa = PBXNativeTarget;
			buildConfigurationList = 04CE6ACE2789A66100D5D651 /* Build configuration list for PBXNativeTarget "Modular-TCATests" */;
			buildPhases = (
				04CE6AB32789A66100D5D651 /* Sources */,
				04CE6AB42789A66100D5D651 /* Frameworks */,
				04CE6AB52789A66100D5D651 /* Resources */,
			);
			buildRules = (
			);
			dependencies = (
				04CE6AB92789A66100D5D651 /* PBXTargetDependency */,
			);
			name = "Modular-TCATests";
			productName = "Modular-TCATests";
			productReference = 04CE6AB72789A66100D5D651 /* Modular-TCATests.xctest */;
			productType = "com.apple.product-type.bundle.unit-test";
		};
		04CE6AC02789A66100D5D651 /* Modular-TCAUITests */ = {
			isa = PBXNativeTarget;
			buildConfigurationList = 04CE6AD12789A66100D5D651 /* Build configuration list for PBXNativeTarget "Modular-TCAUITests" */;
			buildPhases = (
				04CE6ABD2789A66100D5D651 /* Sources */,
				04CE6ABE2789A66100D5D651 /* Frameworks */,
				04CE6ABF2789A66100D5D651 /* Resources */,
			);
			buildRules = (
			);
			dependencies = (
				04CE6AC32789A66100D5D651 /* PBXTargetDependency */,
			);
			name = "Modular-TCAUITests";
			productName = "Modular-TCAUITests";
			productReference = 04CE6AC12789A66100D5D651 /* Modular-TCAUITests.xctest */;
			productType = "com.apple.product-type.bundle.ui-testing";
		};
/* End PBXNativeTarget section */

/* Begin PBXProject section */
		04CE6A9F2789A66000D5D651 /* Project object */ = {
			isa = PBXProject;
			attributes = {
				BuildIndependentTargetsInParallel = 1;
				LastSwiftUpdateCheck = 1320;
				LastUpgradeCheck = 1320;
				TargetAttributes = {
					04CE6AA62789A66000D5D651 = {
						CreatedOnToolsVersion = 13.2.1;
					};
					04CE6AB62789A66100D5D651 = {
						CreatedOnToolsVersion = 13.2.1;
						TestTargetID = 04CE6AA62789A66000D5D651;
					};
					04CE6AC02789A66100D5D651 = {
						CreatedOnToolsVersion = 13.2.1;
						TestTargetID = 04CE6AA62789A66000D5D651;
					};
				};
			};
			buildConfigurationList = 04CE6AA22789A66000D5D651 /* Build configuration list for PBXProject "Modular-TCA" */;
			compatibilityVersion = "Xcode 13.0";
			developmentRegion = en;
			hasScannedForEncodings = 0;
			knownRegions = (
				en,
				Base,
			);
			mainGroup = 04CE6A9E2789A66000D5D651;
			productRefGroup = 04CE6AA82789A66000D5D651 /* Products */;
			projectDirPath = "";
			projectRoot = "";
			targets = (
				04CE6AA62789A66000D5D651 /* Modular-TCA */,
				04CE6AB62789A66100D5D651 /* Modular-TCATests */,
				04CE6AC02789A66100D5D651 /* Modular-TCAUITests */,
			);
		};
/* End PBXProject section */

/* Begin PBXResourcesBuildPhase section */
		04CE6AA52789A66000D5D651 /* Resources */ = {
			isa = PBXResourcesBuildPhase;
			buildActionMask = 2147483647;
			files = (
				04CE6AB22789A66100D5D651 /* Preview Assets.xcassets in Resources */,
				04CE6AAF2789A66100D5D651 /* Assets.xcassets in Resources */,
			);
			runOnlyForDeploymentPostprocessing = 0;
		};
		04CE6AB52789A66100D5D651 /* Resources */ = {
			isa = PBXResourcesBuildPhase;
			buildActionMask = 2147483647;
			files = (
			);
			runOnlyForDeploymentPostprocessing = 0;
		};
		04CE6ABF2789A66100D5D651 /* Resources */ = {
			isa = PBXResourcesBuildPhase;
			buildActionMask = 2147483647;
			files = (
			);
			runOnlyForDeploymentPostprocessing = 0;
		};
/* End PBXResourcesBuildPhase section */

/* Begin PBXSourcesBuildPhase section */
		04CE6AA32789A66000D5D651 /* Sources */ = {
			isa = PBXSourcesBuildPhase;
			buildActionMask = 2147483647;
			files = (
				04B74F7A2789D9B9009419AE /* TabBarFeature.swift in Sources */,
				04CE6AAD2789A66000D5D651 /* TabBarView.swift in Sources */,
				04B74F7E2789DBE1009419AE /* LoginFeature.swift in Sources */,
				04CE6AD92789ADFD00D5D651 /* RootFeature.swift in Sources */,
				04B74F7C2789D9D7009419AE /* RootView.swift in Sources */,
				04B74F732789D95D009419AE /* LoginView.swift in Sources */,
				04CE6AAB2789A66000D5D651 /* Modular_TCAApp.swift in Sources */,
			);
			runOnlyForDeploymentPostprocessing = 0;
		};
		04CE6AB32789A66100D5D651 /* Sources */ = {
			isa = PBXSourcesBuildPhase;
			buildActionMask = 2147483647;
			files = (
				04CE6ABC2789A66100D5D651 /* Modular_TCATests.swift in Sources */,
			);
			runOnlyForDeploymentPostprocessing = 0;
		};
		04CE6ABD2789A66100D5D651 /* Sources */ = {
			isa = PBXSourcesBuildPhase;
			buildActionMask = 2147483647;
			files = (
				04CE6AC82789A66100D5D651 /* Modular_TCAUITestsLaunchTests.swift in Sources */,
				04CE6AC62789A66100D5D651 /* Modular_TCAUITests.swift in Sources */,
			);
			runOnlyForDeploymentPostprocessing = 0;
		};
/* End PBXSourcesBuildPhase section */

/* Begin PBXTargetDependency section */
		04CE6AB92789A66100D5D651 /* PBXTargetDependency */ = {
			isa = PBXTargetDependency;
			target = 04CE6AA62789A66000D5D651 /* Modular-TCA */;
			targetProxy = 04CE6AB82789A66100D5D651 /* PBXContainerItemProxy */;
		};
		04CE6AC32789A66100D5D651 /* PBXTargetDependency */ = {
			isa = PBXTargetDependency;
			target = 04CE6AA62789A66000D5D651 /* Modular-TCA */;
			targetProxy = 04CE6AC22789A66100D5D651 /* PBXContainerItemProxy */;
		};
/* End PBXTargetDependency section */

/* Begin XCBuildConfiguration section */
		04CE6AC92789A66100D5D651 /* Debug */ = {
			isa = XCBuildConfiguration;
			buildSettings = {
				ALWAYS_SEARCH_USER_PATHS = NO;
				CLANG_ANALYZER_NONNULL = YES;
				CLANG_ANALYZER_NUMBER_OBJECT_CONVERSION = YES_AGGRESSIVE;
				CLANG_CXX_LANGUAGE_STANDARD = "gnu++17";
				CLANG_CXX_LIBRARY = "libc++";
				CLANG_ENABLE_MODULES = YES;
				CLANG_ENABLE_OBJC_ARC = YES;
				CLANG_ENABLE_OBJC_WEAK = YES;
				CLANG_WARN_BLOCK_CAPTURE_AUTORELEASING = YES;
				CLANG_WARN_BOOL_CONVERSION = YES;
				CLANG_WARN_COMMA = YES;
				CLANG_WARN_CONSTANT_CONVERSION = YES;
				CLANG_WARN_DEPRECATED_OBJC_IMPLEMENTATIONS = YES;
				CLANG_WARN_DIRECT_OBJC_ISA_USAGE = YES_ERROR;
				CLANG_WARN_DOCUMENTATION_COMMENTS = YES;
				CLANG_WARN_EMPTY_BODY = YES;
				CLANG_WARN_ENUM_CONVERSION = YES;
				CLANG_WARN_INFINITE_RECURSION = YES;
				CLANG_WARN_INT_CONVERSION = YES;
				CLANG_WARN_NON_LITERAL_NULL_CONVERSION = YES;
				CLANG_WARN_OBJC_IMPLICIT_RETAIN_SELF = YES;
				CLANG_WARN_OBJC_LITERAL_CONVERSION = YES;
				CLANG_WARN_OBJC_ROOT_CLASS = YES_ERROR;
				CLANG_WARN_QUOTED_INCLUDE_IN_FRAMEWORK_HEADER = YES;
				CLANG_WARN_RANGE_LOOP_ANALYSIS = YES;
				CLANG_WARN_STRICT_PROTOTYPES = YES;
				CLANG_WARN_SUSPICIOUS_MOVE = YES;
				CLANG_WARN_UNGUARDED_AVAILABILITY = YES_AGGRESSIVE;
				CLANG_WARN_UNREACHABLE_CODE = YES;
				CLANG_WARN__DUPLICATE_METHOD_MATCH = YES;
				COPY_PHASE_STRIP = NO;
				DEBUG_INFORMATION_FORMAT = dwarf;
				ENABLE_STRICT_OBJC_MSGSEND = YES;
				ENABLE_TESTABILITY = YES;
				GCC_C_LANGUAGE_STANDARD = gnu11;
				GCC_DYNAMIC_NO_PIC = NO;
				GCC_NO_COMMON_BLOCKS = YES;
				GCC_OPTIMIZATION_LEVEL = 0;
				GCC_PREPROCESSOR_DEFINITIONS = (
					"DEBUG=1",
					"$(inherited)",
				);
				GCC_WARN_64_TO_32_BIT_CONVERSION = YES;
				GCC_WARN_ABOUT_RETURN_TYPE = YES_ERROR;
				GCC_WARN_UNDECLARED_SELECTOR = YES;
				GCC_WARN_UNINITIALIZED_AUTOS = YES_AGGRESSIVE;
				GCC_WARN_UNUSED_FUNCTION = YES;
				GCC_WARN_UNUSED_VARIABLE = YES;
				IPHONEOS_DEPLOYMENT_TARGET = 15.2;
				MACH_O_TYPE = mh_execute;
				MTL_ENABLE_DEBUG_INFO = INCLUDE_SOURCE;
				MTL_FAST_MATH = YES;
				ONLY_ACTIVE_ARCH = YES;
				SDKROOT = iphoneos;
				SWIFT_ACTIVE_COMPILATION_CONDITIONS = DEBUG;
				SWIFT_OPTIMIZATION_LEVEL = "-Onone";
			};
			name = Debug;
		};
		04CE6ACA2789A66100D5D651 /* Release */ = {
			isa = XCBuildConfiguration;
			buildSettings = {
				ALWAYS_SEARCH_USER_PATHS = NO;
				CLANG_ANALYZER_NONNULL = YES;
				CLANG_ANALYZER_NUMBER_OBJECT_CONVERSION = YES_AGGRESSIVE;
				CLANG_CXX_LANGUAGE_STANDARD = "gnu++17";
				CLANG_CXX_LIBRARY = "libc++";
				CLANG_ENABLE_MODULES = YES;
				CLANG_ENABLE_OBJC_ARC = YES;
				CLANG_ENABLE_OBJC_WEAK = YES;
				CLANG_WARN_BLOCK_CAPTURE_AUTORELEASING = YES;
				CLANG_WARN_BOOL_CONVERSION = YES;
				CLANG_WARN_COMMA = YES;
				CLANG_WARN_CONSTANT_CONVERSION = YES;
				CLANG_WARN_DEPRECATED_OBJC_IMPLEMENTATIONS = YES;
				CLANG_WARN_DIRECT_OBJC_ISA_USAGE = YES_ERROR;
				CLANG_WARN_DOCUMENTATION_COMMENTS = YES;
				CLANG_WARN_EMPTY_BODY = YES;
				CLANG_WARN_ENUM_CONVERSION = YES;
				CLANG_WARN_INFINITE_RECURSION = YES;
				CLANG_WARN_INT_CONVERSION = YES;
				CLANG_WARN_NON_LITERAL_NULL_CONVERSION = YES;
				CLANG_WARN_OBJC_IMPLICIT_RETAIN_SELF = YES;
				CLANG_WARN_OBJC_LITERAL_CONVERSION = YES;
				CLANG_WARN_OBJC_ROOT_CLASS = YES_ERROR;
				CLANG_WARN_QUOTED_INCLUDE_IN_FRAMEWORK_HEADER = YES;
				CLANG_WARN_RANGE_LOOP_ANALYSIS = YES;
				CLANG_WARN_STRICT_PROTOTYPES = YES;
				CLANG_WARN_SUSPICIOUS_MOVE = YES;
				CLANG_WARN_UNGUARDED_AVAILABILITY = YES_AGGRESSIVE;
				CLANG_WARN_UNREACHABLE_CODE = YES;
				CLANG_WARN__DUPLICATE_METHOD_MATCH = YES;
				COPY_PHASE_STRIP = NO;
				DEBUG_INFORMATION_FORMAT = "dwarf-with-dsym";
				ENABLE_NS_ASSERTIONS = NO;
				ENABLE_STRICT_OBJC_MSGSEND = YES;
				GCC_C_LANGUAGE_STANDARD = gnu11;
				GCC_NO_COMMON_BLOCKS = YES;
				GCC_WARN_64_TO_32_BIT_CONVERSION = YES;
				GCC_WARN_ABOUT_RETURN_TYPE = YES_ERROR;
				GCC_WARN_UNDECLARED_SELECTOR = YES;
				GCC_WARN_UNINITIALIZED_AUTOS = YES_AGGRESSIVE;
				GCC_WARN_UNUSED_FUNCTION = YES;
				GCC_WARN_UNUSED_VARIABLE = YES;
				IPHONEOS_DEPLOYMENT_TARGET = 15.2;
				MACH_O_TYPE = mh_execute;
				MTL_ENABLE_DEBUG_INFO = NO;
				MTL_FAST_MATH = YES;
				SDKROOT = iphoneos;
				SWIFT_COMPILATION_MODE = wholemodule;
				SWIFT_OPTIMIZATION_LEVEL = "-O";
				VALIDATE_PRODUCT = YES;
			};
			name = Release;
		};
		04CE6ACC2789A66100D5D651 /* Debug */ = {
			isa = XCBuildConfiguration;
			buildSettings = {
				ASSETCATALOG_COMPILER_APPICON_NAME = AppIcon;
				ASSETCATALOG_COMPILER_GLOBAL_ACCENT_COLOR_NAME = AccentColor;
				CODE_SIGN_STYLE = Automatic;
				CURRENT_PROJECT_VERSION = 1;
				DEVELOPMENT_ASSET_PATHS = "\"Modular-TCA/Preview Content\"";
				ENABLE_PREVIEWS = YES;
				GENERATE_INFOPLIST_FILE = YES;
				INFOPLIST_FILE = "Modular-TCA/Info.plist";
				INFOPLIST_KEY_UIApplicationSceneManifest_Generation = YES;
				INFOPLIST_KEY_UIApplicationSupportsIndirectInputEvents = YES;
				INFOPLIST_KEY_UILaunchScreen_Generation = YES;
				INFOPLIST_KEY_UISupportedInterfaceOrientations_iPad = "UIInterfaceOrientationPortrait UIInterfaceOrientationPortraitUpsideDown UIInterfaceOrientationLandscapeLeft UIInterfaceOrientationLandscapeRight";
				INFOPLIST_KEY_UISupportedInterfaceOrientations_iPhone = "UIInterfaceOrientationPortrait UIInterfaceOrientationLandscapeLeft UIInterfaceOrientationLandscapeRight";
				LD_RUNPATH_SEARCH_PATHS = (
					"$(inherited)",
					"@executable_path/Frameworks",
				);
				MARKETING_VERSION = 1.0;
				PRODUCT_BUNDLE_IDENTIFIER = "com.wimes.tests.Modular-TCA";
				PRODUCT_NAME = "$(TARGET_NAME)";
				SWIFT_EMIT_LOC_STRINGS = YES;
				SWIFT_VERSION = 5.0;
				TARGETED_DEVICE_FAMILY = "1,2";
			};
			name = Debug;
		};
		04CE6ACD2789A66100D5D651 /* Release */ = {
			isa = XCBuildConfiguration;
			buildSettings = {
				ASSETCATALOG_COMPILER_APPICON_NAME = AppIcon;
				ASSETCATALOG_COMPILER_GLOBAL_ACCENT_COLOR_NAME = AccentColor;
				CODE_SIGN_STYLE = Automatic;
				CURRENT_PROJECT_VERSION = 1;
				DEVELOPMENT_ASSET_PATHS = "\"Modular-TCA/Preview Content\"";
				ENABLE_PREVIEWS = YES;
				GENERATE_INFOPLIST_FILE = YES;
				INFOPLIST_FILE = "Modular-TCA/Info.plist";
				INFOPLIST_KEY_UIApplicationSceneManifest_Generation = YES;
				INFOPLIST_KEY_UIApplicationSupportsIndirectInputEvents = YES;
				INFOPLIST_KEY_UILaunchScreen_Generation = YES;
				INFOPLIST_KEY_UISupportedInterfaceOrientations_iPad = "UIInterfaceOrientationPortrait UIInterfaceOrientationPortraitUpsideDown UIInterfaceOrientationLandscapeLeft UIInterfaceOrientationLandscapeRight";
				INFOPLIST_KEY_UISupportedInterfaceOrientations_iPhone = "UIInterfaceOrientationPortrait UIInterfaceOrientationLandscapeLeft UIInterfaceOrientationLandscapeRight";
				LD_RUNPATH_SEARCH_PATHS = (
					"$(inherited)",
					"@executable_path/Frameworks",
				);
				MARKETING_VERSION = 1.0;
				PRODUCT_BUNDLE_IDENTIFIER = "com.wimes.tests.Modular-TCA";
				PRODUCT_NAME = "$(TARGET_NAME)";
				SWIFT_EMIT_LOC_STRINGS = YES;
				SWIFT_VERSION = 5.0;
				TARGETED_DEVICE_FAMILY = "1,2";
			};
			name = Release;
		};
		04CE6ACF2789A66100D5D651 /* Debug */ = {
			isa = XCBuildConfiguration;
			buildSettings = {
				ALWAYS_EMBED_SWIFT_STANDARD_LIBRARIES = YES;
				BUNDLE_LOADER = "$(TEST_HOST)";
				CODE_SIGN_STYLE = Automatic;
				CURRENT_PROJECT_VERSION = 1;
				GENERATE_INFOPLIST_FILE = YES;
				IPHONEOS_DEPLOYMENT_TARGET = 15.2;
				MARKETING_VERSION = 1.0;
				PRODUCT_BUNDLE_IDENTIFIER = "com.wimes.tests.Modular-TCATests";
				PRODUCT_NAME = "$(TARGET_NAME)";
				SWIFT_EMIT_LOC_STRINGS = NO;
				SWIFT_VERSION = 5.0;
				TARGETED_DEVICE_FAMILY = "1,2";
				TEST_HOST = "$(BUILT_PRODUCTS_DIR)/Modular-TCA.app/Modular-TCA";
			};
			name = Debug;
		};
		04CE6AD02789A66100D5D651 /* Release */ = {
			isa = XCBuildConfiguration;
			buildSettings = {
				ALWAYS_EMBED_SWIFT_STANDARD_LIBRARIES = YES;
				BUNDLE_LOADER = "$(TEST_HOST)";
				CODE_SIGN_STYLE = Automatic;
				CURRENT_PROJECT_VERSION = 1;
				GENERATE_INFOPLIST_FILE = YES;
				IPHONEOS_DEPLOYMENT_TARGET = 15.2;
				MARKETING_VERSION = 1.0;
				PRODUCT_BUNDLE_IDENTIFIER = "com.wimes.tests.Modular-TCATests";
				PRODUCT_NAME = "$(TARGET_NAME)";
				SWIFT_EMIT_LOC_STRINGS = NO;
				SWIFT_VERSION = 5.0;
				TARGETED_DEVICE_FAMILY = "1,2";
				TEST_HOST = "$(BUILT_PRODUCTS_DIR)/Modular-TCA.app/Modular-TCA";
			};
			name = Release;
		};
		04CE6AD22789A66100D5D651 /* Debug */ = {
			isa = XCBuildConfiguration;
			buildSettings = {
				ALWAYS_EMBED_SWIFT_STANDARD_LIBRARIES = YES;
				CODE_SIGN_STYLE = Automatic;
				CURRENT_PROJECT_VERSION = 1;
				GENERATE_INFOPLIST_FILE = YES;
				MARKETING_VERSION = 1.0;
				PRODUCT_BUNDLE_IDENTIFIER = "com.wimes.tests.Modular-TCAUITests";
				PRODUCT_NAME = "$(TARGET_NAME)";
				SWIFT_EMIT_LOC_STRINGS = NO;
				SWIFT_VERSION = 5.0;
				TARGETED_DEVICE_FAMILY = "1,2";
				TEST_TARGET_NAME = "Modular-TCA";
			};
			name = Debug;
		};
		04CE6AD32789A66100D5D651 /* Release */ = {
			isa = XCBuildConfiguration;
			buildSettings = {
				ALWAYS_EMBED_SWIFT_STANDARD_LIBRARIES = YES;
				CODE_SIGN_STYLE = Automatic;
				CURRENT_PROJECT_VERSION = 1;
				GENERATE_INFOPLIST_FILE = YES;
				MARKETING_VERSION = 1.0;
				PRODUCT_BUNDLE_IDENTIFIER = "com.wimes.tests.Modular-TCAUITests";
				PRODUCT_NAME = "$(TARGET_NAME)";
				SWIFT_EMIT_LOC_STRINGS = NO;
				SWIFT_VERSION = 5.0;
				TARGETED_DEVICE_FAMILY = "1,2";
				TEST_TARGET_NAME = "Modular-TCA";
			};
			name = Release;
		};
/* End XCBuildConfiguration section */

/* Begin XCConfigurationList section */
		04CE6AA22789A66000D5D651 /* Build configuration list for PBXProject "Modular-TCA" */ = {
			isa = XCConfigurationList;
			buildConfigurations = (
				04CE6AC92789A66100D5D651 /* Debug */,
				04CE6ACA2789A66100D5D651 /* Release */,
			);
			defaultConfigurationIsVisible = 0;
			defaultConfigurationName = Release;
		};
		04CE6ACB2789A66100D5D651 /* Build configuration list for PBXNativeTarget "Modular-TCA" */ = {
			isa = XCConfigurationList;
			buildConfigurations = (
				04CE6ACC2789A66100D5D651 /* Debug */,
				04CE6ACD2789A66100D5D651 /* Release */,
			);
			defaultConfigurationIsVisible = 0;
			defaultConfigurationName = Release;
		};
		04CE6ACE2789A66100D5D651 /* Build configuration list for PBXNativeTarget "Modular-TCATests" */ = {
			isa = XCConfigurationList;
			buildConfigurations = (
				04CE6ACF2789A66100D5D651 /* Debug */,
				04CE6AD02789A66100D5D651 /* Release */,
			);
			defaultConfigurationIsVisible = 0;
			defaultConfigurationName = Release;
		};
		04CE6AD12789A66100D5D651 /* Build configuration list for PBXNativeTarget "Modular-TCAUITests" */ = {
			isa = XCConfigurationList;
			buildConfigurations = (
				04CE6AD22789A66100D5D651 /* Debug */,
				04CE6AD32789A66100D5D651 /* Release */,
			);
			defaultConfigurationIsVisible = 0;
			defaultConfigurationName = Release;
		};
/* End XCConfigurationList section */

/* Begin XCSwiftPackageProductDependency section */
		04EEAB9D278DB669008EDBEA /* A1 */ = {
			isa = XCSwiftPackageProductDependency;
			productName = A1;
		};
		04EEAB9F278DB669008EDBEA /* B1 */ = {
			isa = XCSwiftPackageProductDependency;
			productName = B1;
		};
/* End XCSwiftPackageProductDependency section */
	};
	rootObject = 04CE6A9F2789A66000D5D651 /* Project object */;
}
